{
  "name": "llimo",
  "version": "1.0.0",
  "lockfileVersion": 3,
  "requires": true,
  "packages": {
    "": {
      "name": "llimo",
      "version": "1.0.0",
      "dependencies": {
        "next-token-prediction": "^1.0.3",
        "wink-nlp-utils": "^2.1.0",
        "wink-pos-tagger": "^2.2.2"
      }
    },
    "node_modules/emoji-regex": {
      "version": "9.2.2",
      "resolved": "https://registry.npmjs.org/emoji-regex/-/emoji-regex-9.2.2.tgz",
      "integrity": "sha512-L18DaJsXSUk2+42pv8mLs5jJT2hqFkFE4j21wOmgbUqsZ2hL72NsUU785g9RXgo3s0ZNgVl42TiHp3ZtOv/Vyg=="
    },
    "node_modules/lodash": {
      "version": "4.17.21",
      "resolved": "https://registry.npmjs.org/lodash/-/lodash-4.17.21.tgz",
      "integrity": "sha512-v2kDEe57lecTulaDIuNTPy3Ry4gLGJ6Z1O3vE1krgXZNrsQ+LFTGHVxVjcXPs17LhbZVGedAJv8XZ1tvj5FvSg=="
    },
    "node_modules/next-token-prediction": {
      "version": "1.0.3",
      "resolved": "https://registry.npmjs.org/next-token-prediction/-/next-token-prediction-1.0.3.tgz",
      "integrity": "sha512-Ku84BkhMICNIEh4MuqWgp19u1fgFI6Q/JW9nXU1PyACPi07Dw133wezQhGf6iew7Kd+YWQa5WsZQeauLHiIshg==",
      "dependencies": {
        "lodash": "^4.17.21"
      }
    },
    "node_modules/wink-distance": {
      "version": "2.0.2",
      "resolved": "https://registry.npmjs.org/wink-distance/-/wink-distance-2.0.2.tgz",
      "integrity": "sha512-pyEhUB/OKFYcgOC4J6E+c+gwVA/8qg2s5n49mIcUsJZM5iDSa17uOxRQXR4rvfp+gbj55K/I08FwjFBwb6fq3g==",
      "dependencies": {
        "wink-helpers": "^2.0.0",
        "wink-jaro-distance": "^2.0.0"
      }
    },
    "node_modules/wink-eng-lite-web-model": {
      "version": "1.6.0",
      "resolved": "https://registry.npmjs.org/wink-eng-lite-web-model/-/wink-eng-lite-web-model-1.6.0.tgz",
      "integrity": "sha512-j4DaUTWnX3OzFFbTnY4v9RUeebghAd4mEWiJx9rZ29jfyW1OdK6H9UPbY8QrFb6sRIV1wJP2FGe2phA6MSEfwQ==",
      "engines": {
        "node": ">=16.0.0"
      },
      "peerDependencies": {
        "wink-nlp": ">2.1.0"
      }
    },
    "node_modules/wink-helpers": {
      "version": "2.0.0",
      "resolved": "https://registry.npmjs.org/wink-helpers/-/wink-helpers-2.0.0.tgz",
      "integrity": "sha512-I/ZzXrHcNRXuoeFJmp2vMVqDI6UCK02Tds1WP4kSGAmx520gjL1BObVzF7d2ps24tyHIly9ngdB2jwhlFUjPvg=="
    },
    "node_modules/wink-jaro-distance": {
      "version": "2.0.0",
      "resolved": "https://registry.npmjs.org/wink-jaro-distance/-/wink-jaro-distance-2.0.0.tgz",
      "integrity": "sha512-9bcUaXCi9N8iYpGWbFkf83OsBkg17r4hEyxusEzl+nnReLRPqxhB9YNeRn3g54SYnVRNXP029lY3HDsbdxTAuA=="
    },
    "node_modules/wink-lemmatizer": {
      "version": "3.0.4",
      "resolved": "https://registry.npmjs.org/wink-lemmatizer/-/wink-lemmatizer-3.0.4.tgz",
      "integrity": "sha512-EdLJfy1xLF2ze2cp9Z3qiEWjiq+V8ZVRWiWooCXTXR0AyPxY8ezm4E0puJ0yIj5szzED9tcXV2U7RboaGvboFw==",
      "dependencies": {
        "wink-lexicon": "^2.2.0",
        "wink-porter2-stemmer": "^2.0.0"
      }
    },
    "node_modules/wink-lexicon": {
      "version": "2.2.0",
      "resolved": "https://registry.npmjs.org/wink-lexicon/-/wink-lexicon-2.2.0.tgz",
      "integrity": "sha512-QIuHS9r/HV6q3PCCz6pymg4gbsryW9wDk8CHdU+sDn0kJcHpECNDIcdY0Q/mZpqxtFLp9dzIw7pjcStLBbGZGg=="
    },
    "node_modules/wink-nlp": {
      "version": "2.2.0",
      "resolved": "https://registry.npmjs.org/wink-nlp/-/wink-nlp-2.2.0.tgz",
      "integrity": "sha512-q2BFBauhMS/4f+grni6hL+a0RxHJzmWT7Vj4nbaz7Ihr7ro/fLfrW+qHy16LlP1Oqsv1TacThKNDXmSm6F+PnA==",
      "peer": true
    },
    "node_modules/wink-nlp-utils": {
      "version": "2.1.0",
      "resolved": "https://registry.npmjs.org/wink-nlp-utils/-/wink-nlp-utils-2.1.0.tgz",
      "integrity": "sha512-b7PcRhEBNxQmsmht70jLOkwYUyie3da4/cgEXL+CumYO5b/nwV+W7fuMXToh5BtGq1RABznmc2TGTp1Qf/JUXg==",
      "dependencies": {
        "wink-distance": "^2.0.1",
        "wink-eng-lite-web-model": "^1.4.3",
        "wink-helpers": "^2.0.0",
        "wink-nlp": "^1.12.0",
        "wink-porter2-stemmer": "^2.0.1",
        "wink-tokenizer": "^5.2.3"
      }
    },
    "node_modules/wink-nlp-utils/node_modules/wink-nlp": {
      "version": "1.14.3",
      "resolved": "https://registry.npmjs.org/wink-nlp/-/wink-nlp-1.14.3.tgz",
      "integrity": "sha512-lvY5iCs3T8I34F8WKS70+2P0U9dWLn3vdPf/Z+m2VK14N7OmqnPzmHfh3moHdusajoQ37Em39z0IZB9K4x/96A=="
    },
    "node_modules/wink-porter2-stemmer": {
      "version": "2.0.1",
      "resolved": "https://registry.npmjs.org/wink-porter2-stemmer/-/wink-porter2-stemmer-2.0.1.tgz",
      "integrity": "sha512-0g+RkkqhRXFmSpJQStVXW5N/WsshWpJXsoDRW7DwVkGI2uDT6IBCoq3xdH5p6IHLaC6ygk7RWUsUx4alKxoagQ=="
    },
    "node_modules/wink-pos-tagger": {
      "version": "2.2.2",
      "resolved": "https://registry.npmjs.org/wink-pos-tagger/-/wink-pos-tagger-2.2.2.tgz",
      "integrity": "sha512-+bhkwqwwChqWR75ksFKVJZQagwu404UmnvFjxr+OWZ02/ZJAv19N/iqDpMeYRQRxatk5N+W9pXIKEDJsVrzGyw==",
      "dependencies": {
        "wink-helpers": "^2.0.0",
        "wink-lemmatizer": "^3.0.1",
        "wink-lexicon": "^2.1.1",
        "wink-porter2-stemmer": "^2.0.0",
        "wink-tokenizer": "^5.2.1"
      }
    },
    "node_modules/wink-tokenizer": {
      "version": "5.3.0",
      "resolved": "https://registry.npmjs.org/wink-tokenizer/-/wink-tokenizer-5.3.0.tgz",
      "integrity": "sha512-O/yAw0g3FmSgeeQuYAJJfP7fVPB4A6ay0018qASh79aWmIOyPYy4j4r9EQT8xBjicja6lCLvgRVAybmEBaATQA==",
      "dependencies": {
        "emoji-regex": "^9.0.0"
      }
    }
  }
}
