{
  "name": "llimo",
  "version": "1.0.0",
  "lockfileVersion": 3,
  "requires": true,
  "packages": {
    "": {
      "name": "llimo",
      "version": "1.0.0",
      "dependencies": {
        "next-token-prediction": "^1.0.1"
      }
    },
    "node_modules/lodash": {
      "version": "4.17.21",
      "resolved": "https://registry.npmjs.org/lodash/-/lodash-4.17.21.tgz",
      "integrity": "sha512-v2kDEe57lecTulaDIuNTPy3Ry4gLGJ6Z1O3vE1krgXZNrsQ+LFTGHVxVjcXPs17LhbZVGedAJv8XZ1tvj5FvSg=="
    },
    "node_modules/next-token-prediction": {
      "version": "1.0.1",
      "resolved": "https://registry.npmjs.org/next-token-prediction/-/next-token-prediction-1.0.1.tgz",
      "integrity": "sha512-1lY/0WBFMleHIDSXRlp/kN6NmaluByqYmNnxiDBeyGBf7ukqq1C3/PsAb+KaiHoC59iQh1JifCKvw1wlZIeJbw==",
      "dependencies": {
        "lodash": "^4.17.21"
      }
    }
  }
}
